
Microsoft Visual Studio Solution File, Format Version 12.00
# Visual Studio Version 16
VisualStudioVersion = 16.0.30320.27
MinimumVisualStudioVersion = 10.0.40219.1
Project("{FAE04EC0-301F-11D3-BF4B-00C04F79EFBC}") = "Lesson07", "Lesson07\Lesson07.csproj", "{9F45617D-C4D9-4B2B-B646-D05B27C4A5C2}"
EndProject
Global
	GlobalSection(SolutionConfigurationPlatforms) = preSolution
		Debug|Any CPU = Debug|Any CPU
		Release|Any CPU = Release|Any CPU
	EndGlobalSection
	GlobalSection(ProjectConfigurationPlatforms) = postSolution
		{9F45617D-C4D9-4B2B-B646-D05B27C4A5C2}.Debug|Any CPU.ActiveCfg = Debug|Any CPU
		{9F45617D-C4D9-4B2B-B646-D05B27C4A5C2}.Debug|Any CPU.Build.0 = Debug|Any CPU
		{9F45617D-C4D9-4B2B-B646-D05B27C4A5C2}.Release|Any CPU.ActiveCfg = Release|Any CPU
		{9F45617D-C4D9-4B2B-B646-D05B27C4A5C2}.Release|Any CPU.Build.0 = Release|Any CPU
	EndGlobalSection
	GlobalSection(SolutionProperties) = preSolution
		HideSolutionNode = FALSE
	EndGlobalSection
	GlobalSection(ExtensibilityGlobals) = postSolution
		SolutionGuid = {4F99A5F0-AD2F-4553-88C9-7002EAED00A6}
	EndGlobalSection
EndGlobal
