
Microsoft Visual Studio Solution File, Format Version 12.00
# Visual Studio Version 16
VisualStudioVersion = 16.0.30320.27
MinimumVisualStudioVersion = 10.0.40219.1
Project("{2150E333-8FDC-42A3-9474-1A3956D46DE8}") = "Lesson01", "Lesson01", "{2C8B4473-E440-4926-B9D9-D7D5D0AE6663}"
EndProject
Project("{8BC9CEB8-8B4A-11D0-8D11-00A0C91BC942}") = "Task06", "Lesson01\Task06\Task06.vcxproj", "{E021461C-0534-437C-AF93-3075C21CE169}"
EndProject
Project("{8BC9CEB8-8B4A-11D0-8D11-00A0C91BC942}") = "Task07", "Lesson01\Task07\Task07.vcxproj", "{310BB947-B6BB-410D-A18A-8B11A109602D}"
EndProject
Project("{8BC9CEB8-8B4A-11D0-8D11-00A0C91BC942}") = "Task08", "Lesson01\Task08\Task08.vcxproj", "{0E63B59B-6ACB-4F11-B791-D0A5B3552C40}"
EndProject
Project("{8BC9CEB8-8B4A-11D0-8D11-00A0C91BC942}") = "Task09", "Lesson01\Task09\Task09.vcxproj", "{EA24758B-B8B8-41D3-A04D-0206FFBEB36E}"
EndProject
Project("{8BC9CEB8-8B4A-11D0-8D11-00A0C91BC942}") = "Task10", "Lesson01\Task10\Task10.vcxproj", "{1A47112D-2317-4672-AA3E-73FA90A4A7E3}"
EndProject
Project("{8BC9CEB8-8B4A-11D0-8D11-00A0C91BC942}") = "Task11", "Lesson01\Task11\Task11.vcxproj", "{8B0A8AA1-40E1-4ACD-82B9-EABDD4B8B543}"
EndProject
Project("{8BC9CEB8-8B4A-11D0-8D11-00A0C91BC942}") = "Task12", "Lesson01\Task12\Task12.vcxproj", "{EB3A1254-6689-4321-9465-C21F2043B7BF}"
EndProject
Project("{8BC9CEB8-8B4A-11D0-8D11-00A0C91BC942}") = "Task13", "Lesson01\Task13\Task13.vcxproj", "{500BECEC-CC3F-48AA-80FA-49D53DF69571}"
EndProject
Project("{8BC9CEB8-8B4A-11D0-8D11-00A0C91BC942}") = "Task14", "Lesson01\Task14\Task14.vcxproj", "{515DA532-7148-4052-97ED-61A7EDB0953B}"
EndProject
Global
	GlobalSection(SolutionConfigurationPlatforms) = preSolution
		Debug|x64 = Debug|x64
		Debug|x86 = Debug|x86
		Release|x64 = Release|x64
		Release|x86 = Release|x86
	EndGlobalSection
	GlobalSection(ProjectConfigurationPlatforms) = postSolution
		{E021461C-0534-437C-AF93-3075C21CE169}.Debug|x64.ActiveCfg = Debug|x64
		{E021461C-0534-437C-AF93-3075C21CE169}.Debug|x64.Build.0 = Debug|x64
		{E021461C-0534-437C-AF93-3075C21CE169}.Debug|x86.ActiveCfg = Debug|Win32
		{E021461C-0534-437C-AF93-3075C21CE169}.Debug|x86.Build.0 = Debug|Win32
		{E021461C-0534-437C-AF93-3075C21CE169}.Release|x64.ActiveCfg = Release|x64
		{E021461C-0534-437C-AF93-3075C21CE169}.Release|x64.Build.0 = Release|x64
		{E021461C-0534-437C-AF93-3075C21CE169}.Release|x86.ActiveCfg = Release|Win32
		{E021461C-0534-437C-AF93-3075C21CE169}.Release|x86.Build.0 = Release|Win32
		{310BB947-B6BB-410D-A18A-8B11A109602D}.Debug|x64.ActiveCfg = Debug|x64
		{310BB947-B6BB-410D-A18A-8B11A109602D}.Debug|x64.Build.0 = Debug|x64
		{310BB947-B6BB-410D-A18A-8B11A109602D}.Debug|x86.ActiveCfg = Debug|Win32
		{310BB947-B6BB-410D-A18A-8B11A109602D}.Debug|x86.Build.0 = Debug|Win32
		{310BB947-B6BB-410D-A18A-8B11A109602D}.Release|x64.ActiveCfg = Release|x64
		{310BB947-B6BB-410D-A18A-8B11A109602D}.Release|x64.Build.0 = Release|x64
		{310BB947-B6BB-410D-A18A-8B11A109602D}.Release|x86.ActiveCfg = Release|Win32
		{310BB947-B6BB-410D-A18A-8B11A109602D}.Release|x86.Build.0 = Release|Win32
		{0E63B59B-6ACB-4F11-B791-D0A5B3552C40}.Debug|x64.ActiveCfg = Debug|x64
		{0E63B59B-6ACB-4F11-B791-D0A5B3552C40}.Debug|x64.Build.0 = Debug|x64
		{0E63B59B-6ACB-4F11-B791-D0A5B3552C40}.Debug|x86.ActiveCfg = Debug|Win32
		{0E63B59B-6ACB-4F11-B791-D0A5B3552C40}.Debug|x86.Build.0 = Debug|Win32
		{0E63B59B-6ACB-4F11-B791-D0A5B3552C40}.Release|x64.ActiveCfg = Release|x64
		{0E63B59B-6ACB-4F11-B791-D0A5B3552C40}.Release|x64.Build.0 = Release|x64
		{0E63B59B-6ACB-4F11-B791-D0A5B3552C40}.Release|x86.ActiveCfg = Release|Win32
		{0E63B59B-6ACB-4F11-B791-D0A5B3552C40}.Release|x86.Build.0 = Release|Win32
		{EA24758B-B8B8-41D3-A04D-0206FFBEB36E}.Debug|x64.ActiveCfg = Debug|x64
		{EA24758B-B8B8-41D3-A04D-0206FFBEB36E}.Debug|x64.Build.0 = Debug|x64
		{EA24758B-B8B8-41D3-A04D-0206FFBEB36E}.Debug|x86.ActiveCfg = Debug|Win32
		{EA24758B-B8B8-41D3-A04D-0206FFBEB36E}.Debug|x86.Build.0 = Debug|Win32
		{EA24758B-B8B8-41D3-A04D-0206FFBEB36E}.Release|x64.ActiveCfg = Release|x64
		{EA24758B-B8B8-41D3-A04D-0206FFBEB36E}.Release|x64.Build.0 = Release|x64
		{EA24758B-B8B8-41D3-A04D-0206FFBEB36E}.Release|x86.ActiveCfg = Release|Win32
		{EA24758B-B8B8-41D3-A04D-0206FFBEB36E}.Release|x86.Build.0 = Release|Win32
		{1A47112D-2317-4672-AA3E-73FA90A4A7E3}.Debug|x64.ActiveCfg = Debug|x64
		{1A47112D-2317-4672-AA3E-73FA90A4A7E3}.Debug|x64.Build.0 = Debug|x64
		{1A47112D-2317-4672-AA3E-73FA90A4A7E3}.Debug|x86.ActiveCfg = Debug|Win32
		{1A47112D-2317-4672-AA3E-73FA90A4A7E3}.Debug|x86.Build.0 = Debug|Win32
		{1A47112D-2317-4672-AA3E-73FA90A4A7E3}.Release|x64.ActiveCfg = Release|x64
		{1A47112D-2317-4672-AA3E-73FA90A4A7E3}.Release|x64.Build.0 = Release|x64
		{1A47112D-2317-4672-AA3E-73FA90A4A7E3}.Release|x86.ActiveCfg = Release|Win32
		{1A47112D-2317-4672-AA3E-73FA90A4A7E3}.Release|x86.Build.0 = Release|Win32
		{8B0A8AA1-40E1-4ACD-82B9-EABDD4B8B543}.Debug|x64.ActiveCfg = Debug|x64
		{8B0A8AA1-40E1-4ACD-82B9-EABDD4B8B543}.Debug|x64.Build.0 = Debug|x64
		{8B0A8AA1-40E1-4ACD-82B9-EABDD4B8B543}.Debug|x86.ActiveCfg = Debug|Win32
		{8B0A8AA1-40E1-4ACD-82B9-EABDD4B8B543}.Debug|x86.Build.0 = Debug|Win32
		{8B0A8AA1-40E1-4ACD-82B9-EABDD4B8B543}.Release|x64.ActiveCfg = Release|x64
		{8B0A8AA1-40E1-4ACD-82B9-EABDD4B8B543}.Release|x64.Build.0 = Release|x64
		{8B0A8AA1-40E1-4ACD-82B9-EABDD4B8B543}.Release|x86.ActiveCfg = Release|Win32
		{8B0A8AA1-40E1-4ACD-82B9-EABDD4B8B543}.Release|x86.Build.0 = Release|Win32
		{EB3A1254-6689-4321-9465-C21F2043B7BF}.Debug|x64.ActiveCfg = Debug|x64
		{EB3A1254-6689-4321-9465-C21F2043B7BF}.Debug|x64.Build.0 = Debug|x64
		{EB3A1254-6689-4321-9465-C21F2043B7BF}.Debug|x86.ActiveCfg = Debug|Win32
		{EB3A1254-6689-4321-9465-C21F2043B7BF}.Debug|x86.Build.0 = Debug|Win32
		{EB3A1254-6689-4321-9465-C21F2043B7BF}.Release|x64.ActiveCfg = Release|x64
		{EB3A1254-6689-4321-9465-C21F2043B7BF}.Release|x64.Build.0 = Release|x64
		{EB3A1254-6689-4321-9465-C21F2043B7BF}.Release|x86.ActiveCfg = Release|Win32
		{EB3A1254-6689-4321-9465-C21F2043B7BF}.Release|x86.Build.0 = Release|Win32
		{500BECEC-CC3F-48AA-80FA-49D53DF69571}.Debug|x64.ActiveCfg = Debug|x64
		{500BECEC-CC3F-48AA-80FA-49D53DF69571}.Debug|x64.Build.0 = Debug|x64
		{500BECEC-CC3F-48AA-80FA-49D53DF69571}.Debug|x86.ActiveCfg = Debug|Win32
		{500BECEC-CC3F-48AA-80FA-49D53DF69571}.Debug|x86.Build.0 = Debug|Win32
		{500BECEC-CC3F-48AA-80FA-49D53DF69571}.Release|x64.ActiveCfg = Release|x64
		{500BECEC-CC3F-48AA-80FA-49D53DF69571}.Release|x64.Build.0 = Release|x64
		{500BECEC-CC3F-48AA-80FA-49D53DF69571}.Release|x86.ActiveCfg = Release|Win32
		{500BECEC-CC3F-48AA-80FA-49D53DF69571}.Release|x86.Build.0 = Release|Win32
		{515DA532-7148-4052-97ED-61A7EDB0953B}.Debug|x64.ActiveCfg = Debug|x64
		{515DA532-7148-4052-97ED-61A7EDB0953B}.Debug|x64.Build.0 = Debug|x64
		{515DA532-7148-4052-97ED-61A7EDB0953B}.Debug|x86.ActiveCfg = Debug|Win32
		{515DA532-7148-4052-97ED-61A7EDB0953B}.Debug|x86.Build.0 = Debug|Win32
		{515DA532-7148-4052-97ED-61A7EDB0953B}.Release|x64.ActiveCfg = Release|x64
		{515DA532-7148-4052-97ED-61A7EDB0953B}.Release|x64.Build.0 = Release|x64
		{515DA532-7148-4052-97ED-61A7EDB0953B}.Release|x86.ActiveCfg = Release|Win32
		{515DA532-7148-4052-97ED-61A7EDB0953B}.Release|x86.Build.0 = Release|Win32
	EndGlobalSection
	GlobalSection(SolutionProperties) = preSolution
		HideSolutionNode = FALSE
	EndGlobalSection
	GlobalSection(NestedProjects) = preSolution
		{E021461C-0534-437C-AF93-3075C21CE169} = {2C8B4473-E440-4926-B9D9-D7D5D0AE6663}
		{310BB947-B6BB-410D-A18A-8B11A109602D} = {2C8B4473-E440-4926-B9D9-D7D5D0AE6663}
		{0E63B59B-6ACB-4F11-B791-D0A5B3552C40} = {2C8B4473-E440-4926-B9D9-D7D5D0AE6663}
		{EA24758B-B8B8-41D3-A04D-0206FFBEB36E} = {2C8B4473-E440-4926-B9D9-D7D5D0AE6663}
		{1A47112D-2317-4672-AA3E-73FA90A4A7E3} = {2C8B4473-E440-4926-B9D9-D7D5D0AE6663}
		{8B0A8AA1-40E1-4ACD-82B9-EABDD4B8B543} = {2C8B4473-E440-4926-B9D9-D7D5D0AE6663}
		{EB3A1254-6689-4321-9465-C21F2043B7BF} = {2C8B4473-E440-4926-B9D9-D7D5D0AE6663}
		{500BECEC-CC3F-48AA-80FA-49D53DF69571} = {2C8B4473-E440-4926-B9D9-D7D5D0AE6663}
		{515DA532-7148-4052-97ED-61A7EDB0953B} = {2C8B4473-E440-4926-B9D9-D7D5D0AE6663}
	EndGlobalSection
	GlobalSection(ExtensibilityGlobals) = postSolution
		SolutionGuid = {4F99A5F0-AD2F-4553-88C9-7002EAED00A6}
	EndGlobalSection
EndGlobal
